
Microsoft Visual Studio Solution File, Format Version 12.00
# Visual Studio 2012
Project("{FAE04EC0-301F-11D3-BF4B-00C04F79EFBC}") = "NativeMediaPlayer", "NativeMediaPlayer\NativeMediaPlayer.csproj", "{FF4A1451-CBC0-42C3-A863-0EB84EA98A80}"
EndProject
Project("{FAE04EC0-301F-11D3-BF4B-00C04F79EFBC}") = "NativeMediaPlayer.iOS", "iOS\NativeMediaPlayer.iOS.csproj", "{25EAB0E5-D48E-4860-B732-9168212FA9BB}"
EndProject
Project("{FAE04EC0-301F-11D3-BF4B-00C04F79EFBC}") = "NativeMediaPlayer.Droid", "Droid\NativeMediaPlayer.Droid.csproj", "{F9CEC18A-896F-45E5-9CDA-6124E7BB850B}"
EndProject
Global
	GlobalSection(SolutionConfigurationPlatforms) = preSolution
		Debug|Any CPU = Debug|Any CPU
		Release|Any CPU = Release|Any CPU
		Debug|iPhoneSimulator = Debug|iPhoneSimulator
		Release|iPhone = Release|iPhone
		Release|iPhoneSimulator = Release|iPhoneSimulator
		Debug|iPhone = Debug|iPhone
	EndGlobalSection
	GlobalSection(ProjectConfigurationPlatforms) = postSolution
		{FF4A1451-CBC0-42C3-A863-0EB84EA98A80}.Debug|Any CPU.ActiveCfg = Debug|Any CPU
		{FF4A1451-CBC0-42C3-A863-0EB84EA98A80}.Debug|Any CPU.Build.0 = Debug|Any CPU
		{FF4A1451-CBC0-42C3-A863-0EB84EA98A80}.Release|Any CPU.ActiveCfg = Release|Any CPU
		{FF4A1451-CBC0-42C3-A863-0EB84EA98A80}.Release|Any CPU.Build.0 = Release|Any CPU
		{FF4A1451-CBC0-42C3-A863-0EB84EA98A80}.Debug|iPhoneSimulator.ActiveCfg = Debug|Any CPU
		{FF4A1451-CBC0-42C3-A863-0EB84EA98A80}.Debug|iPhoneSimulator.Build.0 = Debug|Any CPU
		{FF4A1451-CBC0-42C3-A863-0EB84EA98A80}.Release|iPhone.ActiveCfg = Release|Any CPU
		{FF4A1451-CBC0-42C3-A863-0EB84EA98A80}.Release|iPhone.Build.0 = Release|Any CPU
		{FF4A1451-CBC0-42C3-A863-0EB84EA98A80}.Release|iPhoneSimulator.ActiveCfg = Release|Any CPU
		{FF4A1451-CBC0-42C3-A863-0EB84EA98A80}.Release|iPhoneSimulator.Build.0 = Release|Any CPU
		{FF4A1451-CBC0-42C3-A863-0EB84EA98A80}.Debug|iPhone.ActiveCfg = Debug|Any CPU
		{FF4A1451-CBC0-42C3-A863-0EB84EA98A80}.Debug|iPhone.Build.0 = Debug|Any CPU
		{25EAB0E5-D48E-4860-B732-9168212FA9BB}.Debug|Any CPU.ActiveCfg = Debug|iPhoneSimulator
		{25EAB0E5-D48E-4860-B732-9168212FA9BB}.Debug|Any CPU.Build.0 = Debug|iPhoneSimulator
		{25EAB0E5-D48E-4860-B732-9168212FA9BB}.Release|Any CPU.ActiveCfg = Release|iPhone
		{25EAB0E5-D48E-4860-B732-9168212FA9BB}.Release|Any CPU.Build.0 = Release|iPhone
		{25EAB0E5-D48E-4860-B732-9168212FA9BB}.Debug|iPhoneSimulator.ActiveCfg = Debug|iPhoneSimulator
		{25EAB0E5-D48E-4860-B732-9168212FA9BB}.Debug|iPhoneSimulator.Build.0 = Debug|iPhoneSimulator
		{25EAB0E5-D48E-4860-B732-9168212FA9BB}.Release|iPhone.ActiveCfg = Release|iPhone
		{25EAB0E5-D48E-4860-B732-9168212FA9BB}.Release|iPhone.Build.0 = Release|iPhone
		{25EAB0E5-D48E-4860-B732-9168212FA9BB}.Release|iPhoneSimulator.ActiveCfg = Release|iPhoneSimulator
		{25EAB0E5-D48E-4860-B732-9168212FA9BB}.Release|iPhoneSimulator.Build.0 = Release|iPhoneSimulator
		{25EAB0E5-D48E-4860-B732-9168212FA9BB}.Debug|iPhone.ActiveCfg = Debug|iPhone
		{25EAB0E5-D48E-4860-B732-9168212FA9BB}.Debug|iPhone.Build.0 = Debug|iPhone
		{F9CEC18A-896F-45E5-9CDA-6124E7BB850B}.Debug|Any CPU.ActiveCfg = Debug|Any CPU
		{F9CEC18A-896F-45E5-9CDA-6124E7BB850B}.Debug|Any CPU.Build.0 = Debug|Any CPU
		{F9CEC18A-896F-45E5-9CDA-6124E7BB850B}.Release|Any CPU.ActiveCfg = Release|Any CPU
		{F9CEC18A-896F-45E5-9CDA-6124E7BB850B}.Release|Any CPU.Build.0 = Release|Any CPU
		{F9CEC18A-896F-45E5-9CDA-6124E7BB850B}.Debug|iPhoneSimulator.ActiveCfg = Debug|Any CPU
		{F9CEC18A-896F-45E5-9CDA-6124E7BB850B}.Debug|iPhoneSimulator.Build.0 = Debug|Any CPU
		{F9CEC18A-896F-45E5-9CDA-6124E7BB850B}.Release|iPhone.ActiveCfg = Release|Any CPU
		{F9CEC18A-896F-45E5-9CDA-6124E7BB850B}.Release|iPhone.Build.0 = Release|Any CPU
		{F9CEC18A-896F-45E5-9CDA-6124E7BB850B}.Release|iPhoneSimulator.ActiveCfg = Release|Any CPU
		{F9CEC18A-896F-45E5-9CDA-6124E7BB850B}.Release|iPhoneSimulator.Build.0 = Release|Any CPU
		{F9CEC18A-896F-45E5-9CDA-6124E7BB850B}.Debug|iPhone.ActiveCfg = Debug|Any CPU
		{F9CEC18A-896F-45E5-9CDA-6124E7BB850B}.Debug|iPhone.Build.0 = Debug|Any CPU
	EndGlobalSection
EndGlobal
